{
	"name": "auryan-czg-template",
	"version": "1.0.0",
	"lockfileVersion": 3,
	"requires": true,
	"packages": {
		"": {
			"name": "auryan-czg-template",
			"version": "1.0.0",
			"license": "MIT",
			"dependencies": {
				"czg": "^1.5.0"
			}
		},
		"node_modules/czg": {
			"version": "1.5.0",
			"resolved": "https://registry.npmjs.org/czg/-/czg-1.5.0.tgz",
			"integrity": "sha512-LYyc3LkPl0q1eFK2QVBvVmFrTtylQ4jaIZIE2hI+jceFec6CyK7yqp1Iqi929bLMAecENdykaqmECV0XRc1oLA==",
			"bin": {
				"czg": "bin/index.js",
				"git-czg": "bin/index.js"
			}
		}
	}
}
